
Microsoft Visual Studio Solution File, Format Version 12.00
# Visual Studio Version 17
VisualStudioVersion = 17.14.36717.8 d17.14
MinimumVisualStudioVersion = 10.0.40219.1
Project("{FAE04EC0-301F-11D3-BF4B-00C04F79EFBC}") = "GswSupplies_WebAPI", "GswSupplies_WebAPI\GswSupplies_WebAPI.csproj", "{750A5DC3-D17C-4197-9897-B8DC9CCC0FDF}"
EndProject
Global
	GlobalSection(SolutionConfigurationPlatforms) = preSolution
		Debug|Any CPU = Debug|Any CPU
		Release|Any CPU = Release|Any CPU
	EndGlobalSection
	GlobalSection(ProjectConfigurationPlatforms) = postSolution
		{750A5DC3-D17C-4197-9897-B8DC9CCC0FDF}.Debug|Any CPU.ActiveCfg = Debug|Any CPU
		{750A5DC3-D17C-4197-9897-B8DC9CCC0FDF}.Debug|Any CPU.Build.0 = Debug|Any CPU
		{750A5DC3-D17C-4197-9897-B8DC9CCC0FDF}.Release|Any CPU.ActiveCfg = Release|Any CPU
		{750A5DC3-D17C-4197-9897-B8DC9CCC0FDF}.Release|Any CPU.Build.0 = Release|Any CPU
	EndGlobalSection
	GlobalSection(SolutionProperties) = preSolution
		HideSolutionNode = FALSE
	EndGlobalSection
	GlobalSection(ExtensibilityGlobals) = postSolution
		SolutionGuid = {6919147E-663F-47C7-82AC-DC5AB20AEE34}
	EndGlobalSection
EndGlobal
